Microsoft Visual Studio Solution File, Format Version 12.00
# Visual Studio Version 17
VisualStudioVersion = 17.8.34330.188
MinimumVisualStudioVersion = 10.0.40219.1
Project("{9A19103F-16F7-4668-BE54-9A1E7A4F7556}") = "Core", "Core\Core.csproj", "{8F7CEB7E-553E-4625-BEE3-F9C2CEB91540}"
EndProject
Project("{9A19103F-16F7-4668-BE54-9A1E7A4F7556}") = "PluginContracts", "PluginContracts\PluginContracts.csproj", "{002532B4-7B8D-47F1-87AB-FEC78D4EF2D0}"
EndProject
Project("{9A19103F-16F7-4668-BE54-9A1E7A4F7556}") = "AudioChatPlugin", "AudioChatPlugin\AudioChatPlugin.csproj", "{8BDB48EF-A226-41B8-B63C-03A2657489DD}"
EndProject
Project("{9A19103F-16F7-4668-BE54-9A1E7A4F7556}") = "Server", "Server\Server.csproj", "{E1EC7BB0-3544-41C7-B160-A42A30A4E82A}"
EndProject
Project("{2150E333-8FDC-42A3-9474-1A3956D46DE8}") = "Client", "Client", "{71A34E2E-897E-40D7-9972-8724104B42BA}"
EndProject
Project("{9A19103F-16F7-4668-BE54-9A1E7A4F7556}") = "UI", "UI\UI.csproj", "{E05DD328-DDCF-4A82-BA2C-77649FCE2557}"
EndProject
Project("{9A19103F-16F7-4668-BE54-9A1E7A4F7556}") = "Logic.UI", "Logic.UI\Logic.UI.csproj", "{59D56E60-DC37-4BA6-87DC-BC77D6AB0589}"
EndProject
Project("{9A19103F-16F7-4668-BE54-9A1E7A4F7556}") = "Services", "Services\Services.csproj", "{0FB3DEE7-8D3D-4AA9-9BF8-602D53736FCF}"
EndProject
Project("{9A19103F-16F7-4668-BE54-9A1E7A4F7556}") = "Drocsid.HenrikDennis2025.Tests", "Drocsid.HenrikDennis2025.Tests\Drocsid.HenrikDennis2025.Tests.csproj", "{DA6B876A-C6CD-408E-A0F3-B77D2D1E22F2}"
EndProject
Project("{9A19103F-16F7-4668-BE54-9A1E7A4F7556}") = "Infrastructure", "Infrastructure\Infrastructure.csproj", "{9AFB47E7-90B1-4A94-B402-105FA8FB6CA9}"
EndProject
Project("{9A19103F-16F7-4668-BE54-9A1E7A4F7556}") = "Api", "Api\Api.csproj", "{41359522-5AA2-4D4F-9B97-EDB104A1E40C}"
EndProject
Project("{FAE04EC0-301F-11D3-BF4B-00C04F79EFBC}") = "Drocsid.HenrikDennis2025.Tests", "Drocsid.HenrikDennis2025.Tests\Drocsid.HenrikDennis2025.Tests.csproj", "{DA6B876A-C6CD-408E-A0F3-B77D2D1E22F2}"
EndProject
Global
	GlobalSection(SolutionConfigurationPlatforms) = preSolution
		Debug|Any CPU = Debug|Any CPU
		Release|Any CPU = Release|Any CPU
	EndGlobalSection
	GlobalSection(ProjectConfigurationPlatforms) = postSolution
		{8F7CEB7E-553E-4625-BEE3-F9C2CEB91540}.Debug|Any CPU.ActiveCfg = Debug|Any CPU
		{8F7CEB7E-553E-4625-BEE3-F9C2CEB91540}.Debug|Any CPU.Build.0 = Debug|Any CPU
		{8F7CEB7E-553E-4625-BEE3-F9C2CEB91540}.Release|Any CPU.ActiveCfg = Release|Any CPU
		{8F7CEB7E-553E-4625-BEE3-F9C2CEB91540}.Release|Any CPU.Build.0 = Release|Any CPU
		{002532B4-7B8D-47F1-87AB-FEC78D4EF2D0}.Debug|Any CPU.ActiveCfg = Debug|Any CPU
		{002532B4-7B8D-47F1-87AB-FEC78D4EF2D0}.Debug|Any CPU.Build.0 = Debug|Any CPU
		{002532B4-7B8D-47F1-87AB-FEC78D4EF2D0}.Release|Any CPU.ActiveCfg = Release|Any CPU
		{002532B4-7B8D-47F1-87AB-FEC78D4EF2D0}.Release|Any CPU.Build.0 = Release|Any CPU
		{8BDB48EF-A226-41B8-B63C-03A2657489DD}.Debug|Any CPU.ActiveCfg = Debug|Any CPU
		{8BDB48EF-A226-41B8-B63C-03A2657489DD}.Debug|Any CPU.Build.0 = Debug|Any CPU
		{8BDB48EF-A226-41B8-B63C-03A2657489DD}.Release|Any CPU.ActiveCfg = Release|Any CPU
		{8BDB48EF-A226-41B8-B63C-03A2657489DD}.Release|Any CPU.Build.0 = Release|Any CPU
		{E1EC7BB0-3544-41C7-B160-A42A30A4E82A}.Debug|Any CPU.ActiveCfg = Debug|Any CPU
		{E1EC7BB0-3544-41C7-B160-A42A30A4E82A}.Debug|Any CPU.Build.0 = Debug|Any CPU
		{E1EC7BB0-3544-41C7-B160-A42A30A4E82A}.Release|Any CPU.ActiveCfg = Release|Any CPU
		{E1EC7BB0-3544-41C7-B160-A42A30A4E82A}.Release|Any CPU.Build.0 = Release|Any CPU
		{E05DD328-DDCF-4A82-BA2C-77649FCE2557}.Debug|Any CPU.ActiveCfg = Debug|Any CPU
		{E05DD328-DDCF-4A82-BA2C-77649FCE2557}.Debug|Any CPU.Build.0 = Debug|Any CPU
		{E05DD328-DDCF-4A82-BA2C-77649FCE2557}.Release|Any CPU.ActiveCfg = Release|Any CPU
		{E05DD328-DDCF-4A82-BA2C-77649FCE2557}.Release|Any CPU.Build.0 = Release|Any CPU
		{59D56E60-DC37-4BA6-87DC-BC77D6AB0589}.Debug|Any CPU.ActiveCfg = Debug|Any CPU
		{59D56E60-DC37-4BA6-87DC-BC77D6AB0589}.Debug|Any CPU.Build.0 = Debug|Any CPU
		{59D56E60-DC37-4BA6-87DC-BC77D6AB0589}.Release|Any CPU.ActiveCfg = Release|Any CPU
		{59D56E60-DC37-4BA6-87DC-BC77D6AB0589}.Release|Any CPU.Build.0 = Release|Any CPU
		{0FB3DEE7-8D3D-4AA9-9BF8-602D53736FCF}.Debug|Any CPU.ActiveCfg = Debug|Any CPU
		{0FB3DEE7-8D3D-4AA9-9BF8-602D53736FCF}.Debug|Any CPU.Build.0 = Debug|Any CPU
		{0FB3DEE7-8D3D-4AA9-9BF8-602D53736FCF}.Release|Any CPU.ActiveCfg = Release|Any CPU
		{0FB3DEE7-8D3D-4AA9-9BF8-602D53736FCF}.Release|Any CPU.Build.0 = Release|Any CPU
		{DA6B876A-C6CD-408E-A0F3-B77D2D1E22F2}.Debug|Any CPU.ActiveCfg = Debug|Any CPU
		{DA6B876A-C6CD-408E-A0F3-B77D2D1E22F2}.Debug|Any CPU.Build.0 = Debug|Any CPU
		{DA6B876A-C6CD-408E-A0F3-B77D2D1E22F2}.Release|Any CPU.ActiveCfg = Release|Any CPU
		{DA6B876A-C6CD-408E-A0F3-B77D2D1E22F2}.Release|Any CPU.Build.0 = Release|Any CPU
		{9AFB47E7-90B1-4A94-B402-105FA8FB6CA9}.Debug|Any CPU.ActiveCfg = Debug|Any CPU
		{9AFB47E7-90B1-4A94-B402-105FA8FB6CA9}.Debug|Any CPU.Build.0 = Debug|Any CPU
		{9AFB47E7-90B1-4A94-B402-105FA8FB6CA9}.Release|Any CPU.ActiveCfg = Release|Any CPU
		{9AFB47E7-90B1-4A94-B402-105FA8FB6CA9}.Release|Any CPU.Build.0 = Release|Any CPU
		{41359522-5AA2-4D4F-9B97-EDB104A1E40C}.Debug|Any CPU.ActiveCfg = Debug|Any CPU
		{41359522-5AA2-4D4F-9B97-EDB104A1E40C}.Debug|Any CPU.Build.0 = Debug|Any CPU
		{41359522-5AA2-4D4F-9B97-EDB104A1E40C}.Release|Any CPU.ActiveCfg = Release|Any CPU
		{41359522-5AA2-4D4F-9B97-EDB104A1E40C}.Release|Any CPU.Build.0 = Release|Any CPU
		{DA6B876A-C6CD-408E-A0F3-B77D2D1E22F2}.Debug|Any CPU.ActiveCfg = Debug|Any CPU
		{DA6B876A-C6CD-408E-A0F3-B77D2D1E22F2}.Debug|Any CPU.Build.0 = Debug|Any CPU
		{DA6B876A-C6CD-408E-A0F3-B77D2D1E22F2}.Release|Any CPU.ActiveCfg = Release|Any CPU
		{DA6B876A-C6CD-408E-A0F3-B77D2D1E22F2}.Release|Any CPU.Build.0 = Release|Any CPU
	EndGlobalSection
	GlobalSection(SolutionProperties) = preSolution
		HideSolutionNode = FALSE
	EndGlobalSection
	GlobalSection(NestedProjects) = preSolution
		{E05DD328-DDCF-4A82-BA2C-77649FCE2557} = {71A34E2E-897E-40D7-9972-8724104B42BA}
		{59D56E60-DC37-4BA6-87DC-BC77D6AB0589} = {71A34E2E-897E-40D7-9972-8724104B42BA}
		{0FB3DEE7-8D3D-4AA9-9BF8-602D53736FCF} = {71A34E2E-897E-40D7-9972-8724104B42BA}
	EndGlobalSection
	GlobalSection(ExtensibilityGlobals) = postSolution
		SolutionGuid = {83FC6978-36B1-48AE-9FA8-5BFEC634DC86}
	EndGlobalSection
EndGlobal