
Microsoft Visual Studio Solution File, Format Version 12.00
Project("{FAE04EC0-301F-11D3-BF4B-00C04F79EFBC}") = "Core", "Core\Core.csproj", "{8F7CEB7E-553E-4625-BEE3-F9C2CEB91540}"
EndProject
Project("{FAE04EC0-301F-11D3-BF4B-00C04F79EFBC}") = "Client.UI", "Client.UI\Client.UI.csproj", "{E8734599-7579-4A95-B03D-7284134E9257}"
EndProject
Project("{FAE04EC0-301F-11D3-BF4B-00C04F79EFBC}") = "PluginContracts", "PluginContracts\PluginContracts.csproj", "{002532B4-7B8D-47F1-87AB-FEC78D4EF2D0}"
EndProject
Project("{FAE04EC0-301F-11D3-BF4B-00C04F79EFBC}") = "AudioChatPlugin", "AudioChatPlugin\AudioChatPlugin.csproj", "{8BDB48EF-A226-41B8-B63C-03A2657489DD}"
EndProject
Project("{FAE04EC0-301F-11D3-BF4B-00C04F79EFBC}") = "Client", "Client\Client.csproj", "{FB560598-19BA-4C26-AF92-5AB8FAF4383C}"
EndProject
Project("{FAE04EC0-301F-11D3-BF4B-00C04F79EFBC}") = "Server", "Server\Server.csproj", "{E1EC7BB0-3544-41C7-B160-A42A30A4E82A}"
EndProject
Project("{FAE04EC0-301F-11D3-BF4B-00C04F79EFBC}") = "Infrastructure", "Infrastructure\Infrastructure.csproj", "{9AFB47E7-90B1-4A94-B402-105FA8FB6CA9}"
EndProject
Project("{FAE04EC0-301F-11D3-BF4B-00C04F79EFBC}") = "Api", "Api\Api.csproj", "{41359522-5AA2-4D4F-9B97-EDB104A1E40C}"
EndProject
Global
	GlobalSection(SolutionConfigurationPlatforms) = preSolution
		Debug|Any CPU = Debug|Any CPU
		Release|Any CPU = Release|Any CPU
	EndGlobalSection
	GlobalSection(ProjectConfigurationPlatforms) = postSolution
		{8F7CEB7E-553E-4625-BEE3-F9C2CEB91540}.Debug|Any CPU.ActiveCfg = Debug|Any CPU
		{8F7CEB7E-553E-4625-BEE3-F9C2CEB91540}.Debug|Any CPU.Build.0 = Debug|Any CPU
		{8F7CEB7E-553E-4625-BEE3-F9C2CEB91540}.Release|Any CPU.ActiveCfg = Release|Any CPU
		{8F7CEB7E-553E-4625-BEE3-F9C2CEB91540}.Release|Any CPU.Build.0 = Release|Any CPU
		{E8734599-7579-4A95-B03D-7284134E9257}.Debug|Any CPU.ActiveCfg = Debug|Any CPU
		{E8734599-7579-4A95-B03D-7284134E9257}.Debug|Any CPU.Build.0 = Debug|Any CPU
		{E8734599-7579-4A95-B03D-7284134E9257}.Release|Any CPU.ActiveCfg = Release|Any CPU
		{E8734599-7579-4A95-B03D-7284134E9257}.Release|Any CPU.Build.0 = Release|Any CPU
		{002532B4-7B8D-47F1-87AB-FEC78D4EF2D0}.Debug|Any CPU.ActiveCfg = Debug|Any CPU
		{002532B4-7B8D-47F1-87AB-FEC78D4EF2D0}.Debug|Any CPU.Build.0 = Debug|Any CPU
		{002532B4-7B8D-47F1-87AB-FEC78D4EF2D0}.Release|Any CPU.ActiveCfg = Release|Any CPU
		{002532B4-7B8D-47F1-87AB-FEC78D4EF2D0}.Release|Any CPU.Build.0 = Release|Any CPU
		{8BDB48EF-A226-41B8-B63C-03A2657489DD}.Debug|Any CPU.ActiveCfg = Debug|Any CPU
		{8BDB48EF-A226-41B8-B63C-03A2657489DD}.Debug|Any CPU.Build.0 = Debug|Any CPU
		{8BDB48EF-A226-41B8-B63C-03A2657489DD}.Release|Any CPU.ActiveCfg = Release|Any CPU
		{8BDB48EF-A226-41B8-B63C-03A2657489DD}.Release|Any CPU.Build.0 = Release|Any CPU
		{FB560598-19BA-4C26-AF92-5AB8FAF4383C}.Debug|Any CPU.ActiveCfg = Debug|Any CPU
		{FB560598-19BA-4C26-AF92-5AB8FAF4383C}.Debug|Any CPU.Build.0 = Debug|Any CPU
		{FB560598-19BA-4C26-AF92-5AB8FAF4383C}.Release|Any CPU.ActiveCfg = Release|Any CPU
		{FB560598-19BA-4C26-AF92-5AB8FAF4383C}.Release|Any CPU.Build.0 = Release|Any CPU
		{E1EC7BB0-3544-41C7-B160-A42A30A4E82A}.Debug|Any CPU.ActiveCfg = Debug|Any CPU
		{E1EC7BB0-3544-41C7-B160-A42A30A4E82A}.Debug|Any CPU.Build.0 = Debug|Any CPU
		{E1EC7BB0-3544-41C7-B160-A42A30A4E82A}.Release|Any CPU.ActiveCfg = Release|Any CPU
		{E1EC7BB0-3544-41C7-B160-A42A30A4E82A}.Release|Any CPU.Build.0 = Release|Any CPU
		{9AFB47E7-90B1-4A94-B402-105FA8FB6CA9}.Debug|Any CPU.ActiveCfg = Debug|Any CPU
		{9AFB47E7-90B1-4A94-B402-105FA8FB6CA9}.Debug|Any CPU.Build.0 = Debug|Any CPU
		{9AFB47E7-90B1-4A94-B402-105FA8FB6CA9}.Release|Any CPU.ActiveCfg = Release|Any CPU
		{9AFB47E7-90B1-4A94-B402-105FA8FB6CA9}.Release|Any CPU.Build.0 = Release|Any CPU
		{41359522-5AA2-4D4F-9B97-EDB104A1E40C}.Debug|Any CPU.ActiveCfg = Debug|Any CPU
		{41359522-5AA2-4D4F-9B97-EDB104A1E40C}.Debug|Any CPU.Build.0 = Debug|Any CPU
		{41359522-5AA2-4D4F-9B97-EDB104A1E40C}.Release|Any CPU.ActiveCfg = Release|Any CPU
		{41359522-5AA2-4D4F-9B97-EDB104A1E40C}.Release|Any CPU.Build.0 = Release|Any CPU
	EndGlobalSection
EndGlobal
